// !$*UTF8*$!
{
	archiveVersion = 1;
	classes = {
	};
	objectVersion = 48;
	objects = {

/* Begin PBXBuildFile section */
		5F914E98200D13C800D0FA47 /* Info.plist in Resources */ = {isa = PBXBuildFile; fileRef = 5FF84F01200BAAA10001282E /* Info.plist */; };
		5FF84EF5200BAAA00001282E /* AppDelegate.m in Sources */ = {isa = PBXBuildFile; fileRef = 5FF84EF4200BAAA00001282E /* AppDelegate.m */; };
		5FF84EF8200BAAA00001282E /* ViewController.m in Sources */ = {isa = PBXBuildFile; fileRef = 5FF84EF7200BAAA00001282E /* ViewController.m */; };
		5FF84EFB200BAAA10001282E /* Main.storyboard in Resources */ = {isa = PBXBuildFile; fileRef = 5FF84EF9200BAAA10001282E /* Main.storyboard */; };
		5FF84EFD200BAAA10001282E /* Assets.xcassets in Resources */ = {isa = PBXBuildFile; fileRef = 5FF84EFC200BAAA10001282E /* Assets.xcassets */; };
		5FF84F00200BAAA10001282E /* LaunchScreen.storyboard in Resources */ = {isa = PBXBuildFile; fileRef = 5FF84EFE200BAAA10001282E /* LaunchScreen.storyboard */; };
		5FF84F03200BAAA10001282E /* main.m in Sources */ = {isa = PBXBuildFile; fileRef = 5FF84F02200BAAA10001282E /* main.m */; };
		5FF84F0C200BF5420001282E /* OpenSans-Regular.ttf in Resources */ = {isa = PBXBuildFile; fileRef = 5FF84F0B200BF4240001282E /* OpenSans-Regular.ttf */; };
		5FF84F0D200BF5420001282E /* ContrailOne-Regular.ttf in Resources */ = {isa = PBXBuildFile; fileRef = 5FF84F0A200BF40E0001282E /* ContrailOne-Regular.ttf */; };
/* End PBXBuildFile section */

/* Begin PBXFileReference section */
		5FF84EF0200BAAA00001282E /* AboutPatrik.app */ = {isa = PBXFileReference; explicitFileType = wrapper.application; includeInIndex = 0; path = AboutPatrik.app; sourceTree = BUILT_PRODUCTS_DIR; };
		5FF84EF3200BAAA00001282E /* AppDelegate.h */ = {isa = PBXFileReference; lastKnownFileType = sourcecode.c.h; path = AppDelegate.h; sourceTree = "<group>"; };
		5FF84EF4200BAAA00001282E /* AppDelegate.m */ = {isa = PBXFileReference; lastKnownFileType = sourcecode.c.objc; path = AppDelegate.m; sourceTree = "<group>"; };
		5FF84EF6200BAAA00001282E /* ViewController.h */ = {isa = PBXFileReference; lastKnownFileType = sourcecode.c.h; path = ViewController.h; sourceTree = "<group>"; };
		5FF84EF7200BAAA00001282E /* ViewController.m */ = {isa = PBXFileReference; lastKnownFileType = sourcecode.c.objc; path = ViewController.m; sourceTree = "<group>"; };
		5FF84EFA200BAAA10001282E /* Base */ = {isa = PBXFileReference; lastKnownFileType = file.storyboard; name = Base; path = Base.lproj/Main.storyboard; sourceTree = "<group>"; };
		5FF84EFC200BAAA10001282E /* Assets.xcassets */ = {isa = PBXFileReference; lastKnownFileType = folder.assetcatalog; path = Assets.xcassets; sourceTree = "<group>"; };
		5FF84EFF200BAAA10001282E /* Base */ = {isa = PBXFileReference; lastKnownFileType = file.storyboard; name = Base; path = Base.lproj/LaunchScreen.storyboard; sourceTree = "<group>"; };
		5FF84F01200BAAA10001282E /* Info.plist */ = {isa = PBXFileReference; lastKnownFileType = text.plist.xml; path = Info.plist; sourceTree = "<group>"; };
		5FF84F02200BAAA10001282E /* main.m */ = {isa = PBXFileReference; lastKnownFileType = sourcecode.c.objc; path = main.m; sourceTree = "<group>"; };
		5FF84F0A200BF40E0001282E /* ContrailOne-Regular.ttf */ = {isa = PBXFileReference; lastKnownFileType = file; name = "ContrailOne-Regular.ttf"; path = "../../../../../Desktop/Contrail_One/ContrailOne-Regular.ttf"; sourceTree = "<group>"; };
		5FF84F0B200BF4240001282E /* OpenSans-Regular.ttf */ = {isa = PBXFileReference; lastKnownFileType = file; name = "OpenSans-Regular.ttf"; path = "../../../../../Desktop/Open_Sans/OpenSans-Regular.ttf"; sourceTree = "<group>"; };
/* End PBXFileReference section */

/* Begin PBXFrameworksBuildPhase section */
		5FF84EED200BAAA00001282E /* Frameworks */ = {
			isa = PBXFrameworksBuildPhase;
			buildActionMask = 2147483647;
			files = (
			);
			runOnlyForDeploymentPostprocessing = 0;
		};
/* End PBXFrameworksBuildPhase section */

/* Begin PBXGroup section */
		5FF84EE7200BAAA00001282E = {
			isa = PBXGroup;
			children = (
				5FF84EF2200BAAA00001282E /* AboutPatrik */,
				5FF84EF1200BAAA00001282E /* Products */,
			);
			sourceTree = "<group>";
		};
		5FF84EF1200BAAA00001282E /* Products */ = {
			isa = PBXGroup;
			children = (
				5FF84EF0200BAAA00001282E /* AboutPatrik.app */,
			);
			name = Products;
			sourceTree = "<group>";
		};
		5FF84EF2200BAAA00001282E /* AboutPatrik */ = {
			isa = PBXGroup;
			children = (
				5FF84F09200BF3180001282E /* Fonts */,
				5FF84EF3200BAAA00001282E /* AppDelegate.h */,
				5FF84EF4200BAAA00001282E /* AppDelegate.m */,
				5FF84EF6200BAAA00001282E /* ViewController.h */,
				5FF84EF7200BAAA00001282E /* ViewController.m */,
				5FF84EF9200BAAA10001282E /* Main.storyboard */,
				5FF84EFC200BAAA10001282E /* Assets.xcassets */,
				5FF84EFE200BAAA10001282E /* LaunchScreen.storyboard */,
				5FF84F01200BAAA10001282E /* Info.plist */,
				5FF84F02200BAAA10001282E /* main.m */,
			);
			path = AboutPatrik;
			sourceTree = "<group>";
		};
		5FF84F09200BF3180001282E /* Fonts */ = {
			isa = PBXGroup;
			children = (
				5FF84F0B200BF4240001282E /* OpenSans-Regular.ttf */,
				5FF84F0A200BF40E0001282E /* ContrailOne-Regular.ttf */,
			);
			path = Fonts;
			sourceTree = "<group>";
		};
/* End PBXGroup section */

/* Begin PBXNativeTarget section */
		5FF84EEF200BAAA00001282E /* AboutPatrik */ = {
			isa = PBXNativeTarget;
			buildConfigurationList = 5FF84F06200BAAA10001282E /* Build configuration list for PBXNativeTarget "AboutPatrik" */;
			buildPhases = (
				5FF84EEC200BAAA00001282E /* Sources */,
				5FF84EED200BAAA00001282E /* Frameworks */,
				5FF84EEE200BAAA00001282E /* Resources */,
			);
			buildRules = (
			);
			dependencies = (
			);
			name = AboutPatrik;
			productName = AboutPatrik;
			productReference = 5FF84EF0200BAAA00001282E /* AboutPatrik.app */;
			productType = "com.apple.product-type.application";
		};
/* End PBXNativeTarget section */

/* Begin PBXProject section */
		5FF84EE8200BAAA00001282E /* Project object */ = {
			isa = PBXProject;
			attributes = {
				LastUpgradeCheck = 0920;
				ORGANIZATIONNAME = "Patrik Rikama Hinnenberg";
				TargetAttributes = {
					5FF84EEF200BAAA00001282E = {
						CreatedOnToolsVersion = 9.2;
						ProvisioningStyle = Automatic;
					};
				};
			};
			buildConfigurationList = 5FF84EEB200BAAA00001282E /* Build configuration list for PBXProject "AboutPatrik" */;
			compatibilityVersion = "Xcode 8.0";
			developmentRegion = en;
			hasScannedForEncodings = 0;
			knownRegions = (
				en,
				Base,
			);
			mainGroup = 5FF84EE7200BAAA00001282E;
			productRefGroup = 5FF84EF1200BAAA00001282E /* Products */;
			projectDirPath = "";
			projectRoot = "";
			targets = (
				5FF84EEF200BAAA00001282E /* AboutPatrik */,
			);
		};
/* End PBXProject section */

/* Begin PBXResourcesBuildPhase section */
		5FF84EEE200BAAA00001282E /* Resources */ = {
			isa = PBXResourcesBuildPhase;
			buildActionMask = 2147483647;
			files = (
				5FF84F0C200BF5420001282E /* OpenSans-Regular.ttf in Resources */,
				5FF84F0D200BF5420001282E /* ContrailOne-Regular.ttf in Resources */,
				5F914E98200D13C800D0FA47 /* Info.plist in Resources */,
				5FF84F00200BAAA10001282E /* LaunchScreen.storyboard in Resources */,
				5FF84EFD200BAAA10001282E /* Assets.xcassets in Resources */,
				5FF84EFB200BAAA10001282E /* Main.storyboard in Resources */,
			);
			runOnlyForDeploymentPostprocessing = 0;
		};
/* End PBXResourcesBuildPhase section */

/* Begin PBXSourcesBuildPhase section */
		5FF84EEC200BAAA00001282E /* Sources */ = {
			isa = PBXSourcesBuildPhase;
			buildActionMask = 2147483647;
			files = (
				5FF84EF8200BAAA00001282E /* ViewController.m in Sources */,
				5FF84F03200BAAA10001282E /* main.m in Sources */,
				5FF84EF5200BAAA00001282E /* AppDelegate.m in Sources */,
			);
			runOnlyForDeploymentPostprocessing = 0;
		};
/* End PBXSourcesBuildPhase section */

/* Begin PBXVariantGroup section */
		5FF84EF9200BAAA10001282E /* Main.storyboard */ = {
			isa = PBXVariantGroup;
			children = (
				5FF84EFA200BAAA10001282E /* Base */,
			);
			name = Main.storyboard;
			sourceTree = "<group>";
		};
		5FF84EFE200BAAA10001282E /* LaunchScreen.storyboard */ = {
			isa = PBXVariantGroup;
			children = (
				5FF84EFF200BAAA10001282E /* Base */,
			);
			name = LaunchScreen.storyboard;
			sourceTree = "<group>";
		};
/* End PBXVariantGroup section */

/* Begin XCBuildConfiguration section */
		5FF84F04200BAAA10001282E /* Debug */ = {
			isa = XCBuildConfiguration;
			buildSettings = {
				ALWAYS_SEARCH_USER_PATHS = NO;
				CLANG_ANALYZER_NONNULL = YES;
				CLANG_ANALYZER_NUMBER_OBJECT_CONVERSION = YES_AGGRESSIVE;
				CLANG_CXX_LANGUAGE_STANDARD = "gnu++14";
				CLANG_CXX_LIBRARY = "libc++";
				CLANG_ENABLE_MODULES = YES;
				CLANG_ENABLE_OBJC_ARC = YES;
				CLANG_WARN_BLOCK_CAPTURE_AUTORELEASING = YES;
				CLANG_WARN_BOOL_CONVERSION = YES;
				CLANG_WARN_COMMA = YES;
				CLANG_WARN_CONSTANT_CONVERSION = YES;
				CLANG_WARN_DIRECT_OBJC_ISA_USAGE = YES_ERROR;
				CLANG_WARN_DOCUMENTATION_COMMENTS = YES;
				CLANG_WARN_EMPTY_BODY = YES;
				CLANG_WARN_ENUM_CONVERSION = YES;
				CLANG_WARN_INFINITE_RECURSION = YES;
				CLANG_WARN_INT_CONVERSION = YES;
				CLANG_WARN_NON_LITERAL_NULL_CONVERSION = YES;
				CLANG_WARN_OBJC_LITERAL_CONVERSION = YES;
				CLANG_WARN_OBJC_ROOT_CLASS = YES_ERROR;
				CLANG_WARN_RANGE_LOOP_ANALYSIS = YES;
				CLANG_WARN_STRICT_PROTOTYPES = YES;
				CLANG_WARN_SUSPICIOUS_MOVE = YES;
				CLANG_WARN_UNGUARDED_AVAILABILITY = YES_AGGRESSIVE;
				CLANG_WARN_UNREACHABLE_CODE = YES;
				CLANG_WARN__DUPLICATE_METHOD_MATCH = YES;
				CODE_SIGN_IDENTITY = "iPhone Developer";
				COPY_PHASE_STRIP = NO;
				DEBUG_INFORMATION_FORMAT = dwarf;
				ENABLE_STRICT_OBJC_MSGSEND = YES;
				ENABLE_TESTABILITY = YES;
				GCC_C_LANGUAGE_STANDARD = gnu11;
				GCC_DYNAMIC_NO_PIC = NO;
				GCC_NO_COMMON_BLOCKS = YES;
				GCC_OPTIMIZATION_LEVEL = 0;
				GCC_PREPROCESSOR_DEFINITIONS = (
					"DEBUG=1",
					"$(inherited)",
				);
				GCC_WARN_64_TO_32_BIT_CONVERSION = YES;
				GCC_WARN_ABOUT_RETURN_TYPE = YES_ERROR;
				GCC_WARN_UNDECLARED_SELECTOR = YES;
				GCC_WARN_UNINITIALIZED_AUTOS = YES_AGGRESSIVE;
				GCC_WARN_UNUSED_FUNCTION = YES;
				GCC_WARN_UNUSED_VARIABLE = YES;
				IPHONEOS_DEPLOYMENT_TARGET = 11.2;
				MTL_ENABLE_DEBUG_INFO = YES;
				ONLY_ACTIVE_ARCH = YES;
				SDKROOT = iphoneos;
			};
			name = Debug;
		};
		5FF84F05200BAAA10001282E /* Release */ = {
			isa = XCBuildConfiguration;
			buildSettings = {
				ALWAYS_SEARCH_USER_PATHS = NO;
				CLANG_ANALYZER_NONNULL = YES;
				CLANG_ANALYZER_NUMBER_OBJECT_CONVERSION = YES_AGGRESSIVE;
				CLANG_CXX_LANGUAGE_STANDARD = "gnu++14";
				CLANG_CXX_LIBRARY = "libc++";
				CLANG_ENABLE_MODULES = YES;
				CLANG_ENABLE_OBJC_ARC = YES;
				CLANG_WARN_BLOCK_CAPTURE_AUTORELEASING = YES;
				CLANG_WARN_BOOL_CONVERSION = YES;
				CLANG_WARN_COMMA = YES;
				CLANG_WARN_CONSTANT_CONVERSION = YES;
				CLANG_WARN_DIRECT_OBJC_ISA_USAGE = YES_ERROR;
				CLANG_WARN_DOCUMENTATION_COMMENTS = YES;
				CLANG_WARN_EMPTY_BODY = YES;
				CLANG_WARN_ENUM_CONVERSION = YES;
				CLANG_WARN_INFINITE_RECURSION = YES;
				CLANG_WARN_INT_CONVERSION = YES;
				CLANG_WARN_NON_LITERAL_NULL_CONVERSION = YES;
				CLANG_WARN_OBJC_LITERAL_CONVERSION = YES;
				CLANG_WARN_OBJC_ROOT_CLASS = YES_ERROR;
				CLANG_WARN_RANGE_LOOP_ANALYSIS = YES;
				CLANG_WARN_STRICT_PROTOTYPES = YES;
				CLANG_WARN_SUSPICIOUS_MOVE = YES;
				CLANG_WARN_UNGUARDED_AVAILABILITY = YES_AGGRESSIVE;
				CLANG_WARN_UNREACHABLE_CODE = YES;
				CLANG_WARN__DUPLICATE_METHOD_MATCH = YES;
				CODE_SIGN_IDENTITY = "iPhone Developer";
				COPY_PHASE_STRIP = NO;
				DEBUG_INFORMATION_FORMAT = "dwarf-with-dsym";
				ENABLE_NS_ASSERTIONS = NO;
				ENABLE_STRICT_OBJC_MSGSEND = YES;
				GCC_C_LANGUAGE_STANDARD = gnu11;
				GCC_NO_COMMON_BLOCKS = YES;
				GCC_WARN_64_TO_32_BIT_CONVERSION = YES;
				GCC_WARN_ABOUT_RETURN_TYPE = YES_ERROR;
				GCC_WARN_UNDECLARED_SELECTOR = YES;
				GCC_WARN_UNINITIALIZED_AUTOS = YES_AGGRESSIVE;
				GCC_WARN_UNUSED_FUNCTION = YES;
				GCC_WARN_UNUSED_VARIABLE = YES;
				IPHONEOS_DEPLOYMENT_TARGET = 11.2;
				MTL_ENABLE_DEBUG_INFO = NO;
				SDKROOT = iphoneos;
				VALIDATE_PRODUCT = YES;
			};
			name = Release;
		};
		5FF84F07200BAAA10001282E /* Debug */ = {
			isa = XCBuildConfiguration;
			buildSettings = {
				ASSETCATALOG_COMPILER_APPICON_NAME = AppIcon;
				CODE_SIGN_STYLE = Automatic;
				DEVELOPMENT_TEAM = 57UD8XX9GY;
				INFOPLIST_FILE = AboutPatrik/Info.plist;
				LD_RUNPATH_SEARCH_PATHS = "$(inherited) @executable_path/Frameworks";
				PRODUCT_BUNDLE_IDENTIFIER = PRH.AboutPatrik;
				PRODUCT_NAME = "$(TARGET_NAME)";
				TARGETED_DEVICE_FAMILY = "1,2";
			};
			name = Debug;
		};
		5FF84F08200BAAA10001282E /* Release */ = {
			isa = XCBuildConfiguration;
			buildSettings = {
				ASSETCATALOG_COMPILER_APPICON_NAME = AppIcon;
				CODE_SIGN_STYLE = Automatic;
				DEVELOPMENT_TEAM = 57UD8XX9GY;
				INFOPLIST_FILE = AboutPatrik/Info.plist;
				LD_RUNPATH_SEARCH_PATHS = "$(inherited) @executable_path/Frameworks";
				PRODUCT_BUNDLE_IDENTIFIER = PRH.AboutPatrik;
				PRODUCT_NAME = "$(TARGET_NAME)";
				TARGETED_DEVICE_FAMILY = "1,2";
			};
			name = Release;
		};
/* End XCBuildConfiguration section */

/* Begin XCConfigurationList section */
		5FF84EEB200BAAA00001282E /* Build configuration list for PBXProject "AboutPatrik" */ = {
			isa = XCConfigurationList;
			buildConfigurations = (
				5FF84F04200BAAA10001282E /* Debug */,
				5FF84F05200BAAA10001282E /* Release */,
			);
			defaultConfigurationIsVisible = 0;
			defaultConfigurationName = Release;
		};
		5FF84F06200BAAA10001282E /* Build configuration list for PBXNativeTarget "AboutPatrik" */ = {
			isa = XCConfigurationList;
			buildConfigurations = (
				5FF84F07200BAAA10001282E /* Debug */,
				5FF84F08200BAAA10001282E /* Release */,
			);
			defaultConfigurationIsVisible = 0;
			defaultConfigurationName = Release;
		};
/* End XCConfigurationList section */
	};
	rootObject = 5FF84EE8200BAAA00001282E /* Project object */;
}
